
Microsoft Visual Studio Solution File, Format Version 12.00
# Visual Studio Version 16
VisualStudioVersion = 16.0.31005.135
MinimumVisualStudioVersion = 10.0.40219.1
Project("{9A19103F-16F7-4668-BE54-9A1E7A4F7556}") = "RazorPagesMovie", "RazorPagesMovie.csproj", "{5F8AD44E-00AA-4B88-931E-02BC6D7815FC}"
EndProject
Project("{FAE04EC0-301F-11D3-BF4B-00C04F79EFBC}") = "AspNetMVC", "..\AspNetMVC\AspNetMVC.csproj", "{2E3405CB-E07C-41CA-B284-5C40D6077995}"
EndProject
Global
	GlobalSection(SolutionConfigurationPlatforms) = preSolution
		Debug|Any CPU = Debug|Any CPU
		Release|Any CPU = Release|Any CPU
	EndGlobalSection
	GlobalSection(ProjectConfigurationPlatforms) = postSolution
		{5F8AD44E-00AA-4B88-931E-02BC6D7815FC}.Debug|Any CPU.ActiveCfg = Debug|Any CPU
		{5F8AD44E-00AA-4B88-931E-02BC6D7815FC}.Debug|Any CPU.Build.0 = Debug|Any CPU
		{5F8AD44E-00AA-4B88-931E-02BC6D7815FC}.Release|Any CPU.ActiveCfg = Release|Any CPU
		{5F8AD44E-00AA-4B88-931E-02BC6D7815FC}.Release|Any CPU.Build.0 = Release|Any CPU
		{2E3405CB-E07C-41CA-B284-5C40D6077995}.Debug|Any CPU.ActiveCfg = Debug|Any CPU
		{2E3405CB-E07C-41CA-B284-5C40D6077995}.Debug|Any CPU.Build.0 = Debug|Any CPU
		{2E3405CB-E07C-41CA-B284-5C40D6077995}.Release|Any CPU.ActiveCfg = Release|Any CPU
		{2E3405CB-E07C-41CA-B284-5C40D6077995}.Release|Any CPU.Build.0 = Release|Any CPU
	EndGlobalSection
	GlobalSection(SolutionProperties) = preSolution
		HideSolutionNode = FALSE
	EndGlobalSection
	GlobalSection(ExtensibilityGlobals) = postSolution
		SolutionGuid = {053A11BE-2E1E-4803-968B-7E5A03DB09EC}
	EndGlobalSection
EndGlobal
